
Microsoft Visual Studio Solution File, Format Version 12.00
# Visual Studio Version 16
VisualStudioVersion = 16.0.32901.82
MinimumVisualStudioVersion = 10.0.40219.1
Project("{FAE04EC0-301F-11D3-BF4B-00C04F79EFBC}") = "oldcs", "Project Main\oldcs.csproj", "{335B7C23-1E89-423F-BA82-837E5D423F8C}"
EndProject
Global
	GlobalSection(SolutionConfigurationPlatforms) = preSolution
		Debug|Any CPU = Debug|Any CPU
		Debug|x86 = Debug|x86
		Release|Any CPU = Release|Any CPU
		Release|x86 = Release|x86
	EndGlobalSection
	GlobalSection(ProjectConfigurationPlatforms) = postSolution
		{335B7C23-1E89-423F-BA82-837E5D423F8C}.Debug|Any CPU.ActiveCfg = Debug|Any CPU
		{335B7C23-1E89-423F-BA82-837E5D423F8C}.Debug|Any CPU.Build.0 = Debug|Any CPU
		{335B7C23-1E89-423F-BA82-837E5D423F8C}.Debug|x86.ActiveCfg = Debug|x86
		{335B7C23-1E89-423F-BA82-837E5D423F8C}.Debug|x86.Build.0 = Debug|x86
		{335B7C23-1E89-423F-BA82-837E5D423F8C}.Release|Any CPU.ActiveCfg = Release|Any CPU
		{335B7C23-1E89-423F-BA82-837E5D423F8C}.Release|Any CPU.Build.0 = Release|Any CPU
		{335B7C23-1E89-423F-BA82-837E5D423F8C}.Release|x86.ActiveCfg = Release|x86
		{335B7C23-1E89-423F-BA82-837E5D423F8C}.Release|x86.Build.0 = Release|x86
	EndGlobalSection
	GlobalSection(SolutionProperties) = preSolution
		HideSolutionNode = FALSE
	EndGlobalSection
	GlobalSection(ExtensibilityGlobals) = postSolution
		SolutionGuid = {60B1C147-0C53-421E-8013-7426489D1D86}
	EndGlobalSection
EndGlobal
